
Microsoft Visual Studio Solution File, Format Version 12.00
# Visual Studio Version 17
VisualStudioVersion = 17.2.32616.157
MinimumVisualStudioVersion = 10.0.40219.1
Project("{9A19103F-16F7-4668-BE54-9A1E7A4F7556}") = "Engine", "Engine\Engine.csproj", "{351BD5A5-7A8A-4DBE-AE56-6257E1E7DA0B}"
EndProject
Project("{2150E333-8FDC-42A3-9474-1A3956D46DE8}") = "Shaders", "Shaders", "{E18B7DBB-8361-47AF-A828-6779E2E10E05}"
	ProjectSection(SolutionItems) = preProject
		shader.frag = shader.frag
		shader.vert = shader.vert
	EndProjectSection
EndProject
Global
	GlobalSection(SolutionConfigurationPlatforms) = preSolution
		Debug|Any CPU = Debug|Any CPU
		Release|Any CPU = Release|Any CPU
	EndGlobalSection
	GlobalSection(ProjectConfigurationPlatforms) = postSolution
		{351BD5A5-7A8A-4DBE-AE56-6257E1E7DA0B}.Debug|Any CPU.ActiveCfg = Debug|Any CPU
		{351BD5A5-7A8A-4DBE-AE56-6257E1E7DA0B}.Debug|Any CPU.Build.0 = Debug|Any CPU
		{351BD5A5-7A8A-4DBE-AE56-6257E1E7DA0B}.Release|Any CPU.ActiveCfg = Release|Any CPU
		{351BD5A5-7A8A-4DBE-AE56-6257E1E7DA0B}.Release|Any CPU.Build.0 = Release|Any CPU
	EndGlobalSection
	GlobalSection(SolutionProperties) = preSolution
		HideSolutionNode = FALSE
	EndGlobalSection
	GlobalSection(ExtensibilityGlobals) = postSolution
		SolutionGuid = {AF7EC8F9-A60A-43DF-BE7E-6C7175C7D109}
	EndGlobalSection
EndGlobal
